
Microsoft Visual Studio Solution File, Format Version 12.00
# Visual Studio Version 17
VisualStudioVersion = 17.4.33103.184
MinimumVisualStudioVersion = 10.0.40219.1
Project("{FAE04EC0-301F-11D3-BF4B-00C04F79EFBC}") = "Vote.WebApi", "Vote\Vote.WebApi.csproj", "{CF60D7FD-D7D4-4014-90A4-2045C6343184}"
EndProject
Project("{2150E333-8FDC-42A3-9474-1A3956D46DE8}") = "src", "src", "{B0A4A3A3-CA59-413F-9FEA-62D039178BF6}"
EndProject
Project("{2150E333-8FDC-42A3-9474-1A3956D46DE8}") = "core", "core", "{B7FA288B-60E3-44F5-98B6-B9CF0B9AB746}"
EndProject
Project("{2150E333-8FDC-42A3-9474-1A3956D46DE8}") = "infrastructure", "infrastructure", "{A0008478-B4AC-4A84-A936-57DE73FC1345}"
EndProject
Project("{2150E333-8FDC-42A3-9474-1A3956D46DE8}") = "presentation", "presentation", "{B693A527-248E-4E5E-9610-0F954A71DBFF}"
EndProject
Project("{FAE04EC0-301F-11D3-BF4B-00C04F79EFBC}") = "Vote.Data", "Vote.Data\Vote.Data.csproj", "{2EB39F62-6FEC-4C73-B149-9B4454439579}"
EndProject
Project("{FAE04EC0-301F-11D3-BF4B-00C04F79EFBC}") = "Vote.Shared", "Vote.Shared\Vote.Shared.csproj", "{35292FCA-AC18-40C9-A376-2A23552644AA}"
EndProject
Project("{FAE04EC0-301F-11D3-BF4B-00C04F79EFBC}") = "Vote.Application", "Vote.Application\Vote.Application.csproj", "{BA2961D8-D8E3-4E7A-83A0-AF4D030ECA92}"
EndProject
Project("{FAE04EC0-301F-11D3-BF4B-00C04F79EFBC}") = "Vote.Domain", "Vote.Domain\Vote.Domain.csproj", "{E2F625FF-7A19-4315-B4A6-E22F10153BD6}"
EndProject
Project("{2150E333-8FDC-42A3-9474-1A3956D46DE8}") = "common", "common", "{2A58E03F-4B73-471C-8F3C-FBC97626E489}"
	ProjectSection(SolutionItems) = preProject
		plan.md = plan.md
	EndProjectSection
EndProject
Project("{2150E333-8FDC-42A3-9474-1A3956D46DE8}") = "tests", "tests", "{164C8812-4BDA-4DF9-9F2A-0DD24258B931}"
EndProject
Project("{2150E333-8FDC-42A3-9474-1A3956D46DE8}") = "tools", "tools", "{3A6CE282-21BA-42E2-99A7-3D07CD9DE86D}"
EndProject
Global
	GlobalSection(SolutionConfigurationPlatforms) = preSolution
		Debug|Any CPU = Debug|Any CPU
		Release|Any CPU = Release|Any CPU
	EndGlobalSection
	GlobalSection(ProjectConfigurationPlatforms) = postSolution
		{CF60D7FD-D7D4-4014-90A4-2045C6343184}.Debug|Any CPU.ActiveCfg = Debug|Any CPU
		{CF60D7FD-D7D4-4014-90A4-2045C6343184}.Debug|Any CPU.Build.0 = Debug|Any CPU
		{CF60D7FD-D7D4-4014-90A4-2045C6343184}.Release|Any CPU.ActiveCfg = Release|Any CPU
		{CF60D7FD-D7D4-4014-90A4-2045C6343184}.Release|Any CPU.Build.0 = Release|Any CPU
		{2EB39F62-6FEC-4C73-B149-9B4454439579}.Debug|Any CPU.ActiveCfg = Debug|Any CPU
		{2EB39F62-6FEC-4C73-B149-9B4454439579}.Debug|Any CPU.Build.0 = Debug|Any CPU
		{2EB39F62-6FEC-4C73-B149-9B4454439579}.Release|Any CPU.ActiveCfg = Release|Any CPU
		{2EB39F62-6FEC-4C73-B149-9B4454439579}.Release|Any CPU.Build.0 = Release|Any CPU
		{35292FCA-AC18-40C9-A376-2A23552644AA}.Debug|Any CPU.ActiveCfg = Debug|Any CPU
		{35292FCA-AC18-40C9-A376-2A23552644AA}.Debug|Any CPU.Build.0 = Debug|Any CPU
		{35292FCA-AC18-40C9-A376-2A23552644AA}.Release|Any CPU.ActiveCfg = Release|Any CPU
		{35292FCA-AC18-40C9-A376-2A23552644AA}.Release|Any CPU.Build.0 = Release|Any CPU
		{BA2961D8-D8E3-4E7A-83A0-AF4D030ECA92}.Debug|Any CPU.ActiveCfg = Debug|Any CPU
		{BA2961D8-D8E3-4E7A-83A0-AF4D030ECA92}.Debug|Any CPU.Build.0 = Debug|Any CPU
		{BA2961D8-D8E3-4E7A-83A0-AF4D030ECA92}.Release|Any CPU.ActiveCfg = Release|Any CPU
		{BA2961D8-D8E3-4E7A-83A0-AF4D030ECA92}.Release|Any CPU.Build.0 = Release|Any CPU
		{E2F625FF-7A19-4315-B4A6-E22F10153BD6}.Debug|Any CPU.ActiveCfg = Debug|Any CPU
		{E2F625FF-7A19-4315-B4A6-E22F10153BD6}.Debug|Any CPU.Build.0 = Debug|Any CPU
		{E2F625FF-7A19-4315-B4A6-E22F10153BD6}.Release|Any CPU.ActiveCfg = Release|Any CPU
		{E2F625FF-7A19-4315-B4A6-E22F10153BD6}.Release|Any CPU.Build.0 = Release|Any CPU
	EndGlobalSection
	GlobalSection(SolutionProperties) = preSolution
		HideSolutionNode = FALSE
	EndGlobalSection
	GlobalSection(NestedProjects) = preSolution
		{CF60D7FD-D7D4-4014-90A4-2045C6343184} = {B693A527-248E-4E5E-9610-0F954A71DBFF}
		{B7FA288B-60E3-44F5-98B6-B9CF0B9AB746} = {B0A4A3A3-CA59-413F-9FEA-62D039178BF6}
		{A0008478-B4AC-4A84-A936-57DE73FC1345} = {B0A4A3A3-CA59-413F-9FEA-62D039178BF6}
		{B693A527-248E-4E5E-9610-0F954A71DBFF} = {B0A4A3A3-CA59-413F-9FEA-62D039178BF6}
		{2EB39F62-6FEC-4C73-B149-9B4454439579} = {A0008478-B4AC-4A84-A936-57DE73FC1345}
		{35292FCA-AC18-40C9-A376-2A23552644AA} = {A0008478-B4AC-4A84-A936-57DE73FC1345}
		{BA2961D8-D8E3-4E7A-83A0-AF4D030ECA92} = {B7FA288B-60E3-44F5-98B6-B9CF0B9AB746}
		{E2F625FF-7A19-4315-B4A6-E22F10153BD6} = {B7FA288B-60E3-44F5-98B6-B9CF0B9AB746}
	EndGlobalSection
	GlobalSection(ExtensibilityGlobals) = postSolution
		SolutionGuid = {C715F40E-D40D-41BA-89EA-82983B15A0CF}
	EndGlobalSection
EndGlobal
